<Solution>
  <Folder Name="/1051-salarioComjuros/">
    <Project Path="1051-salarioComjuros/1051-salarioComJuros.csproj" />
  </Folder>
  <Folder Name="/1055-maior/">
    <Project Path="1055-maior/1055-Maior.csproj" />
  </Folder>
  <Folder Name="/1079-carregaOuNao/">
    <Project Path="1079-carregaOuNao/1079-carregaOunao.csproj" />
  </Folder>
  <Project Path="1049-Salario/1049-Salario.csproj" />
  <Project Path="1050-ConsumoEnergia/1050-ConsumoEnergia.csproj" />
  <Project Path="1052-calculoSimples/1052-calculoSimples.csproj" />
  <Project Path="1053-esfera/1053-esfera.csproj" />
  <Project Path="1054-area/1054-area.csproj" />
  <Project Path="1056-consumo/1056-consumo.csproj" />
  <Project Path="1057-distanciaEntreDoisPontos/1057-distanciaEntreDoisPontos.csproj" />
  <Project Path="1058-distancia/1058-distancia.csproj" />
  <Project Path="1059-gastoDeCombustiveis/1059-gastoDeCombustiveis.csproj" />
  <Project Path="1060-cedulas/1060-cedulas.csproj" />
  <Project Path="1061-conversaoTempo/1061-conversaoTempo.csproj" />
  <Project Path="1062-idadeEmDias/1062-idadeEmDias.csproj" />
  <Project Path="1063-notasMoedas/1063-notasMoedas.csproj" />
  <Project Path="1064-testeDeSelecao/1064-testeDeSelecao.csproj" />
  <Project Path="1065-formulabaskara/1065-formulabaskara.csproj" />
  <Project Path="1066-intervalo/1066-intervalo.csproj" />
  <Project Path="1067-lanche/1067-lanche.csproj" />
  <Project Path="1068-media3/1068-media3.csproj" />
  <Project Path="1069-coordenadasDeUmPonto/1069-coordenadasDeUmPonto.csproj" />
  <Project Path="1070-sortSimples/1070-sortSimples.csproj" />
  <Project Path="1071-triangulo/1071-triangulo.csproj" />
  <Project Path="1072-multiplos/1072-multiplos.csproj" />
  <Project Path="1073-tiposDeTriangulo/1073-tiposDeTriangulo.csproj" />
  <Project Path="1074-tempoDeJogo/1074-tempoDeJogo.csproj" />
  <Project Path="1075-tempoComminutos/1075-tempoComminutos.csproj" />
  <Project Path="1076-aumentoDeSalario/1076-aumentoDeSalario.csproj" />
  <Project Path="1077-Animal/1077-Animal.csproj" />
  <Project Path="1078-DDD/1078-DDD.csproj" />
  <Project Path="1080-FlavioJosephus/1080-FlavioJosephus.csproj" />
  <Project Path="1081-Energia/1081-Energia.csproj" />
  <Project Path="1082-Mes/1082-Mes.csproj" />
  <Project Path="1084-primoDeJosephus/1084-primoDeJosephus.csproj" />
  <Project Path="1085-numerosPares/1085-numerosPares.csproj" />
  <Project Path="impostoDeRenda/impostoDeRenda.csproj" />
</Solution>
